
Microsoft Visual Studio Solution File, Format Version 12.00
# Visual Studio Version 18
VisualStudioVersion = 18.1.11312.151 d18.0
MinimumVisualStudioVersion = 10.0.40219.1
Project("{FAE04EC0-301F-11D3-BF4B-00C04F79EFBC}") = "Fixora.LicenseIssuer", "Fixora.LicenseIssuer.csproj", "{F380522C-D471-D3C8-2686-F701CAB73251}"
EndProject
Global
	GlobalSection(SolutionConfigurationPlatforms) = preSolution
		Debug|Any CPU = Debug|Any CPU
		Release|Any CPU = Release|Any CPU
	EndGlobalSection
	GlobalSection(ProjectConfigurationPlatforms) = postSolution
		{F380522C-D471-D3C8-2686-F701CAB73251}.Debug|Any CPU.ActiveCfg = Debug|Any CPU
		{F380522C-D471-D3C8-2686-F701CAB73251}.Debug|Any CPU.Build.0 = Debug|Any CPU
		{F380522C-D471-D3C8-2686-F701CAB73251}.Release|Any CPU.ActiveCfg = Release|Any CPU
		{F380522C-D471-D3C8-2686-F701CAB73251}.Release|Any CPU.Build.0 = Release|Any CPU
	EndGlobalSection
	GlobalSection(SolutionProperties) = preSolution
		HideSolutionNode = FALSE
	EndGlobalSection
	GlobalSection(ExtensibilityGlobals) = postSolution
		SolutionGuid = {5D490C8D-57DE-40AA-B342-713ED428DC6D}
	EndGlobalSection
EndGlobal
